
Microsoft Visual Studio Solution File, Format Version 12.00
# Visual Studio Version 17
VisualStudioVersion = 17.2.32630.192
MinimumVisualStudioVersion = 10.0.40219.1
Project("{FAE04EC0-301F-11D3-BF4B-00C04F79EFBC}") = "GeneralStoreMVC", "GeneralStoreMVC\GeneralStoreMVC.csproj", "{16F39CCA-65C6-4633-8DF7-610E7DF88C79}"
EndProject
Global
	GlobalSection(SolutionConfigurationPlatforms) = preSolution
		Debug|Any CPU = Debug|Any CPU
		Release|Any CPU = Release|Any CPU
	EndGlobalSection
	GlobalSection(ProjectConfigurationPlatforms) = postSolution
		{16F39CCA-65C6-4633-8DF7-610E7DF88C79}.Debug|Any CPU.ActiveCfg = Debug|Any CPU
		{16F39CCA-65C6-4633-8DF7-610E7DF88C79}.Debug|Any CPU.Build.0 = Debug|Any CPU
		{16F39CCA-65C6-4633-8DF7-610E7DF88C79}.Release|Any CPU.ActiveCfg = Release|Any CPU
		{16F39CCA-65C6-4633-8DF7-610E7DF88C79}.Release|Any CPU.Build.0 = Release|Any CPU
	EndGlobalSection
	GlobalSection(SolutionProperties) = preSolution
		HideSolutionNode = FALSE
	EndGlobalSection
	GlobalSection(ExtensibilityGlobals) = postSolution
		SolutionGuid = {BE13222E-F75D-459D-9CD9-A89162235C8F}
	EndGlobalSection
EndGlobal
